
Microsoft Visual Studio Solution File, Format Version 12.00
# Visual Studio Version 17
VisualStudioVersion = 17.0.32014.148
MinimumVisualStudioVersion = 10.0.40219.1
Project("{FAE04EC0-301F-11D3-BF4B-00C04F79EFBC}") = "RCLExample.XRCLLib", "RCLExample.XRCLLib\RCLExample.XRCLLib.csproj", "{3D0FD59D-DBF8-4B6D-BD49-D28359503760}"
EndProject
Project("{FAE04EC0-301F-11D3-BF4B-00C04F79EFBC}") = "RCLExample.Web", "RCLExample.Web\RCLExample.Web.csproj", "{43C3FC83-1486-4B62-91C0-CE009B2E18EB}"
EndProject
Global
	GlobalSection(SolutionConfigurationPlatforms) = preSolution
		Debug|Any CPU = Debug|Any CPU
		Release|Any CPU = Release|Any CPU
	EndGlobalSection
	GlobalSection(ProjectConfigurationPlatforms) = postSolution
		{3D0FD59D-DBF8-4B6D-BD49-D28359503760}.Debug|Any CPU.ActiveCfg = Debug|Any CPU
		{3D0FD59D-DBF8-4B6D-BD49-D28359503760}.Debug|Any CPU.Build.0 = Debug|Any CPU
		{3D0FD59D-DBF8-4B6D-BD49-D28359503760}.Release|Any CPU.ActiveCfg = Release|Any CPU
		{3D0FD59D-DBF8-4B6D-BD49-D28359503760}.Release|Any CPU.Build.0 = Release|Any CPU
		{43C3FC83-1486-4B62-91C0-CE009B2E18EB}.Debug|Any CPU.ActiveCfg = Debug|Any CPU
		{43C3FC83-1486-4B62-91C0-CE009B2E18EB}.Debug|Any CPU.Build.0 = Debug|Any CPU
		{43C3FC83-1486-4B62-91C0-CE009B2E18EB}.Release|Any CPU.ActiveCfg = Release|Any CPU
		{43C3FC83-1486-4B62-91C0-CE009B2E18EB}.Release|Any CPU.Build.0 = Release|Any CPU
	EndGlobalSection
	GlobalSection(SolutionProperties) = preSolution
		HideSolutionNode = FALSE
	EndGlobalSection
	GlobalSection(ExtensibilityGlobals) = postSolution
		SolutionGuid = {11985FE4-959E-40D9-9EEB-CAB0820416FE}
	EndGlobalSection
EndGlobal
